<?xml version="1.0" encoding="utf-8"?>
<Project ToolsVersion="4.0" xmlns="http://schemas.microsoft.com/developer/msbuild/2003">
  <ItemGroup>
    <Filter Include="リソース ファイル">
      <UniqueIdentifier>{67DA6AB6-F800-4c08-8B7A-83BB121AAD01}</UniqueIdentifier>
      <Extensions>rc;ico;cur;bmp;dlg;rc2;rct;bin;rgs;gif;jpg;jpeg;jpe;resx;tiff;tif;png;wav;mfcribbon-ms</Extensions>
    </Filter>
    <Filter Include="System">
      <UniqueIdentifier>{e3669d51-732c-40c5-8c8a-bc77f14364ad}</UniqueIdentifier>
    </Filter>
  </ItemGroup>
  <ItemGroup>
    <ResourceCompile Include="..\Resource.rc">
      <Filter>リソース ファイル</Filter>
    </ResourceCompile>
  </ItemGroup>
  <ItemGroup>
    <ClCompile Include="System\control.cpp">
      <Filter>System</Filter>
    </ClCompile>
    <ClCompile Include="System\cursor.cpp">
      <Filter>System</Filter>
    </ClCompile>
    <ClCompile Include="System\edge.cpp">
      <Filter>System</Filter>
    </ClCompile>
    <ClCompile Include="System\node.cpp">
      <Filter>System</Filter>
    </ClCompile>
    <ClCompile Include="System\process.cpp">
      <Filter>System</Filter>
    </ClCompile>
    <ClCompile Include="main.cpp">
      <Filter>System</Filter>
    </ClCompile>
    <ClCompile Include="myProcess.cpp" />
  </ItemGroup>
  <ItemGroup>
    <ClInclude Include="System\control.h">
      <Filter>System</Filter>
    </ClInclude>
    <ClInclude Include="System\cursor.h">
      <Filter>System</Filter>
    </ClInclude>
    <ClInclude Include="System\edge.h">
      <Filter>System</Filter>
    </ClInclude>
    <ClInclude Include="System\node.h">
      <Filter>System</Filter>
    </ClInclude>
    <ClInclude Include="System\process.h">
      <Filter>System</Filter>
    </ClInclude>
  </ItemGroup>
  <ItemGroup>
    <Image Include="cursor.png">
      <Filter>リソース ファイル</Filter>
    </Image>
  </ItemGroup>
</Project>